
Microsoft Visual Studio Solution File, Format Version 12.00
# Visual Studio 15
VisualStudioVersion = 15.0.26403.7
MinimumVisualStudioVersion = 10.0.40219.1
Project("{FAE04EC0-301F-11D3-BF4B-00C04F79EFBC}") = "Sitecore.DataExchange.Providers.FileSystem", "Sitecore.DataExchange.Providers.FileSystem\Sitecore.DataExchange.Providers.FileSystem.csproj", "{69AD3967-FDB6-455D-9F86-C69485836BB8}"
EndProject
Project("{2150E333-8FDC-42A3-9474-1A3956D46DE8}") = "Solution Items", "Solution Items", "{D701BFB3-A7C1-4399-98AD-BBA62EA06D30}"
	ProjectSection(SolutionItems) = preProject
		NuGet.config = NuGet.config
	EndProjectSection
EndProject
Project("{FAE04EC0-301F-11D3-BF4B-00C04F79EFBC}") = "Sitecore.DataExchange.Providers.FileSystem.Tests", "Sitecore.DataExchange.Providers.FileSystem.Tests\Sitecore.DataExchange.Providers.FileSystem.Tests.csproj", "{5B67BFA1-1481-4ADC-B628-125E6BA55951}"
EndProject
Project("{FAE04EC0-301F-11D3-BF4B-00C04F79EFBC}") = "Sitecore.DataExchange.Examples.RemoteClient", "Sitecore.DataExchange.Examples.RemoteClient\Sitecore.DataExchange.Examples.RemoteClient.csproj", "{701B5C09-95A2-4661-9180-095F03A7F144}"
EndProject
Project("{FAE04EC0-301F-11D3-BF4B-00C04F79EFBC}") = "ConsoleMenuMaker", "ConsoleMenuMaker\ConsoleMenuMaker.csproj", "{52048797-6500-45EC-A3D6-071104E93E50}"
EndProject
Global
	GlobalSection(SolutionConfigurationPlatforms) = preSolution
		Debug|Any CPU = Debug|Any CPU
		Release|Any CPU = Release|Any CPU
	EndGlobalSection
	GlobalSection(ProjectConfigurationPlatforms) = postSolution
		{69AD3967-FDB6-455D-9F86-C69485836BB8}.Debug|Any CPU.ActiveCfg = Debug|Any CPU
		{69AD3967-FDB6-455D-9F86-C69485836BB8}.Debug|Any CPU.Build.0 = Debug|Any CPU
		{69AD3967-FDB6-455D-9F86-C69485836BB8}.Release|Any CPU.ActiveCfg = Release|Any CPU
		{69AD3967-FDB6-455D-9F86-C69485836BB8}.Release|Any CPU.Build.0 = Release|Any CPU
		{5B67BFA1-1481-4ADC-B628-125E6BA55951}.Debug|Any CPU.ActiveCfg = Debug|Any CPU
		{5B67BFA1-1481-4ADC-B628-125E6BA55951}.Debug|Any CPU.Build.0 = Debug|Any CPU
		{5B67BFA1-1481-4ADC-B628-125E6BA55951}.Release|Any CPU.ActiveCfg = Release|Any CPU
		{5B67BFA1-1481-4ADC-B628-125E6BA55951}.Release|Any CPU.Build.0 = Release|Any CPU
		{701B5C09-95A2-4661-9180-095F03A7F144}.Debug|Any CPU.ActiveCfg = Debug|Any CPU
		{701B5C09-95A2-4661-9180-095F03A7F144}.Debug|Any CPU.Build.0 = Debug|Any CPU
		{701B5C09-95A2-4661-9180-095F03A7F144}.Release|Any CPU.ActiveCfg = Release|Any CPU
		{701B5C09-95A2-4661-9180-095F03A7F144}.Release|Any CPU.Build.0 = Release|Any CPU
		{52048797-6500-45EC-A3D6-071104E93E50}.Debug|Any CPU.ActiveCfg = Debug|Any CPU
		{52048797-6500-45EC-A3D6-071104E93E50}.Debug|Any CPU.Build.0 = Debug|Any CPU
		{52048797-6500-45EC-A3D6-071104E93E50}.Release|Any CPU.ActiveCfg = Release|Any CPU
		{52048797-6500-45EC-A3D6-071104E93E50}.Release|Any CPU.Build.0 = Release|Any CPU
	EndGlobalSection
	GlobalSection(SolutionProperties) = preSolution
		HideSolutionNode = FALSE
	EndGlobalSection
EndGlobal
