
Microsoft Visual Studio Solution File, Format Version 12.00
# Visual Studio 15
VisualStudioVersion = 15.0.27130.2036
MinimumVisualStudioVersion = 10.0.40219.1
Project("{FAE04EC0-301F-11D3-BF4B-00C04F79EFBC}") = "Examples.Connect.Dynamics", "Examples.Connect.Dynamics\Examples.Connect.Dynamics.csproj", "{254CF397-CED1-47FD-80D2-0E2855DDBC70}"
EndProject
Global
	GlobalSection(SolutionConfigurationPlatforms) = preSolution
		Debug|Any CPU = Debug|Any CPU
		Release|Any CPU = Release|Any CPU
	EndGlobalSection
	GlobalSection(ProjectConfigurationPlatforms) = postSolution
		{254CF397-CED1-47FD-80D2-0E2855DDBC70}.Debug|Any CPU.ActiveCfg = Debug|Any CPU
		{254CF397-CED1-47FD-80D2-0E2855DDBC70}.Debug|Any CPU.Build.0 = Debug|Any CPU
		{254CF397-CED1-47FD-80D2-0E2855DDBC70}.Release|Any CPU.ActiveCfg = Release|Any CPU
		{254CF397-CED1-47FD-80D2-0E2855DDBC70}.Release|Any CPU.Build.0 = Release|Any CPU
	EndGlobalSection
	GlobalSection(SolutionProperties) = preSolution
		HideSolutionNode = FALSE
	EndGlobalSection
	GlobalSection(ExtensibilityGlobals) = postSolution
		SolutionGuid = {B411A45B-A6E7-480E-ADD9-C6F147B6C463}
	EndGlobalSection
EndGlobal
